{
  "version": 4,
  "terraform_version": "1.11.4",
  "serial": 3,
  "lineage": "921ef0ac-99c0-a96f-ddf1-887a6984db83",
  "outputs": {},
  "resources": [
    {
      "mode": "managed",
      "type": "helm_release",
      "name": "podinfo",
      "provider": "provider[\"registry.terraform.io/hashicorp/helm\"]",
      "instances": [
        {
          "schema_version": 1,
          "attributes": {
            "atomic": false,
            "chart": "podinfo",
            "cleanup_on_fail": false,
            "create_namespace": false,
            "dependency_update": false,
            "description": null,
            "devel": null,
            "disable_crd_hooks": false,
            "disable_openapi_validation": false,
            "disable_webhooks": false,
            "force_update": false,
            "id": "podinfo",
            "keyring": null,
            "lint": false,
            "manifest": null,
            "max_history": 3,
            "metadata": [
              {
                "app_version": "6.8.0",
                "chart": "podinfo",
                "first_deployed": 1746403976,
                "last_deployed": 1746403976,
                "name": "podinfo",
                "namespace": "default",
                "notes": "1. Get the application URL by running these commands:\n  echo \"Visit http://127.0.0.1:8080 to use your application\"\n  kubectl -n default port-forward deploy/podinfo 8080:9898\n",
                "revision": 1,
                "values": "{}",
                "version": "6.8.0"
              }
            ],
            "name": "podinfo",
            "namespace": "default",
            "pass_credentials": false,
            "postrender": [],
            "recreate_pods": false,
            "render_subchart_notes": true,
            "replace": false,
            "repository": "https://stefanprodan.github.io/podinfo",
            "repository_ca_file": null,
            "repository_cert_file": null,
            "repository_key_file": null,
            "repository_password": null,
            "repository_username": null,
            "reset_values": false,
            "reuse_values": false,
            "set": [],
            "set_list": [],
            "set_sensitive": [],
            "skip_crds": false,
            "status": "deployed",
            "timeout": 300,
            "upgrade_install": null,
            "values": null,
            "verify": false,
            "version": "6.8.0",
            "wait": true,
            "wait_for_jobs": false
          },
          "sensitive_attributes": [
            [
              {
                "type": "get_attr",
                "value": "repository_password"
              }
            ]
          ],
          "private": "eyJzY2hlbWFfdmVyc2lvbiI6IjEifQ=="
        }
      ]
    }
  ],
  "check_results": null
}
